// !$*UTF8*$!
{
	archiveVersion = 1;
	classes = {
	};
	objectVersion = 46;
	objects = {

/* Begin PBXBuildFile section */
		99DCB9531756BAF800BCCBFA /* UIKit.framework in Frameworks */ = {isa = PBXBuildFile; fileRef = 99DCB9521756BAF800BCCBFA /* UIKit.framework */; };
		99DCB9551756BAF800BCCBFA /* Foundation.framework in Frameworks */ = {isa = PBXBuildFile; fileRef = 99DCB9541756BAF800BCCBFA /* Foundation.framework */; };
		99DCB9571756BAF800BCCBFA /* CoreGraphics.framework in Frameworks */ = {isa = PBXBuildFile; fileRef = 99DCB9561756BAF800BCCBFA /* CoreGraphics.framework */; };
		99DCB95D1756BAF800BCCBFA /* InfoPlist.strings in Resources */ = {isa = PBXBuildFile; fileRef = 99DCB95B1756BAF800BCCBFA /* InfoPlist.strings */; };
		99DCB95F1756BAF800BCCBFA /* main.m in Sources */ = {isa = PBXBuildFile; fileRef = 99DCB95E1756BAF800BCCBFA /* main.m */; };
		99DCB9631756BAF800BCCBFA /* RpnAppDelegate.m in Sources */ = {isa = PBXBuildFile; fileRef = 99DCB9621756BAF800BCCBFA /* RpnAppDelegate.m */; };
		99DCB9661756BAF800BCCBFA /* MainStoryboard.storyboard in Resources */ = {isa = PBXBuildFile; fileRef = 99DCB9641756BAF800BCCBFA /* MainStoryboard.storyboard */; };
		99DCB9691756BAF800BCCBFA /* RpnViewController.m in Sources */ = {isa = PBXBuildFile; fileRef = 99DCB9681756BAF800BCCBFA /* RpnViewController.m */; };
/* End PBXBuildFile section */

/* Begin PBXFileReference section */
		99DCB94E1756BAF800BCCBFA /* Rpn.app */ = {isa = PBXFileReference; explicitFileType = wrapper.application; includeInIndex = 0; path = Rpn.app; sourceTree = BUILT_PRODUCTS_DIR; };
		99DCB9521756BAF800BCCBFA /* UIKit.framework */ = {isa = PBXFileReference; lastKnownFileType = wrapper.framework; name = UIKit.framework; path = System/Library/Frameworks/UIKit.framework; sourceTree = SDKROOT; };
		99DCB9541756BAF800BCCBFA /* Foundation.framework */ = {isa = PBXFileReference; lastKnownFileType = wrapper.framework; name = Foundation.framework; path = System/Library/Frameworks/Foundation.framework; sourceTree = SDKROOT; };
		99DCB9561756BAF800BCCBFA /* CoreGraphics.framework */ = {isa = PBXFileReference; lastKnownFileType = wrapper.framework; name = CoreGraphics.framework; path = System/Library/Frameworks/CoreGraphics.framework; sourceTree = SDKROOT; };
		99DCB95A1756BAF800BCCBFA /* Rpn-Info.plist */ = {isa = PBXFileReference; path = "Rpn-Info.plist"; sourceTree = "<group>"; };
		99DCB95C1756BAF800BCCBFA /* en */ = {isa = PBXFileReference; lastKnownFileType = text.plist.strings; name = en; path = en.lproj/InfoPlist.strings; sourceTree = "<group>"; };
		99DCB95E1756BAF800BCCBFA /* main.m */ = {isa = PBXFileReference; lastKnownFileType = sourcecode.c.objc; path = main.m; sourceTree = "<group>"; };
		99DCB9601756BAF800BCCBFA /* Rpn-Prefix.pch */ = {isa = PBXFileReference; path = "Rpn-Prefix.pch"; sourceTree = "<group>"; };
		99DCB9611756BAF800BCCBFA /* RpnAppDelegate.h */ = {isa = PBXFileReference; path = RpnAppDelegate.h; sourceTree = "<group>"; };
		99DCB9621756BAF800BCCBFA /* RpnAppDelegate.m */ = {isa = PBXFileReference; lastKnownFileType = sourcecode.c.objc; path = RpnAppDelegate.m; sourceTree = "<group>"; };
		99DCB9651756BAF800BCCBFA /* en */ = {isa = PBXFileReference; lastKnownFileType = file.storyboard; name = en; path = en.lproj/MainStoryboard.storyboard; sourceTree = "<group>"; };
		99DCB9671756BAF800BCCBFA /* RpnViewController.h */ = {isa = PBXFileReference; path = RpnViewController.h; sourceTree = "<group>"; };
		99DCB9681756BAF800BCCBFA /* RpnViewController.m */ = {isa = PBXFileReference; lastKnownFileType = sourcecode.c.objc; path = RpnViewController.m; sourceTree = "<group>"; };
/* End PBXFileReference section */

/* Begin PBXFrameworksBuildPhase section */
		99DCB94B1756BAF800BCCBFA /* Frameworks */ = {
			isa = PBXFrameworksBuildPhase;
			buildActionMask = 2147483647;
			files = (
				99DCB9531756BAF800BCCBFA /* UIKit.framework in Frameworks */,
				99DCB9551756BAF800BCCBFA /* Foundation.framework in Frameworks */,
				99DCB9571756BAF800BCCBFA /* CoreGraphics.framework in Frameworks */,
			);
			runOnlyForDeploymentPostprocessing = 0;
		};
/* End PBXFrameworksBuildPhase section */

/* Begin PBXGroup section */
		99DCB9431756BAF700BCCBFA = {
			isa = PBXGroup;
			children = (
				99DCB9581756BAF800BCCBFA /* Rpn */,
				99DCB9511756BAF800BCCBFA /* Frameworks */,
				99DCB94F1756BAF800BCCBFA /* Products */,
			);
			sourceTree = "<group>";
		};
		99DCB94F1756BAF800BCCBFA /* Products */ = {
			isa = PBXGroup;
			children = (
				99DCB94E1756BAF800BCCBFA /* Rpn.app */,
			);
			name = Products;
			sourceTree = "<group>";
		};
		99DCB9511756BAF800BCCBFA /* Frameworks */ = {
			isa = PBXGroup;
			children = (
				99DCB9521756BAF800BCCBFA /* UIKit.framework */,
				99DCB9541756BAF800BCCBFA /* Foundation.framework */,
				99DCB9561756BAF800BCCBFA /* CoreGraphics.framework */,
			);
			name = Frameworks;
			sourceTree = "<group>";
		};
		99DCB9581756BAF800BCCBFA /* Rpn */ = {
			isa = PBXGroup;
			children = (
				99DCB9611756BAF800BCCBFA /* RpnAppDelegate.h */,
				99DCB9621756BAF800BCCBFA /* RpnAppDelegate.m */,
				99DCB9641756BAF800BCCBFA /* MainStoryboard.storyboard */,
				99DCB9671756BAF800BCCBFA /* RpnViewController.h */,
				99DCB9681756BAF800BCCBFA /* RpnViewController.m */,
				99DCB9591756BAF800BCCBFA /* Supporting Files */,
			);
			path = Rpn;
			sourceTree = "<group>";
		};
		99DCB9591756BAF800BCCBFA /* Supporting Files */ = {
			isa = PBXGroup;
			children = (
				99DCB95A1756BAF800BCCBFA /* Rpn-Info.plist */,
				99DCB95B1756BAF800BCCBFA /* InfoPlist.strings */,
				99DCB95E1756BAF800BCCBFA /* main.m */,
				99DCB9601756BAF800BCCBFA /* Rpn-Prefix.pch */,
			);
			name = "Supporting Files";
			sourceTree = "<group>";
		};
/* End PBXGroup section */

/* Begin PBXNativeTarget section */
		99DCB94D1756BAF800BCCBFA /* Rpn */ = {
			isa = PBXNativeTarget;
			buildConfigurationList = 99DCB96C1756BAF800BCCBFA /* Build configuration list for PBXNativeTarget "Rpn" */;
			buildPhases = (
				99DCB94A1756BAF800BCCBFA /* Sources */,
				99DCB94B1756BAF800BCCBFA /* Frameworks */,
				99DCB94C1756BAF800BCCBFA /* Resources */,
			);
			buildRules = (
			);
			dependencies = (
			);
			name = Rpn;
			productName = Rpn;
			productReference = 99DCB94E1756BAF800BCCBFA /* Rpn.app */;
			productType = "com.apple.product-type.application";
		};
/* End PBXNativeTarget section */

/* Begin PBXProject section */
		99DCB9451756BAF700BCCBFA /* Project object */ = {
			isa = PBXProject;
			attributes = {
				LastUpgradeCheck = 0420;
			};
			buildConfigurationList = 99DCB9481756BAF700BCCBFA /* Build configuration list for PBXProject "Rpn" */;
			compatibilityVersion = "Xcode 3.2";
			developmentRegion = English;
			hasScannedForEncodings = 0;
			knownRegions = (
				en,
			);
			mainGroup = 99DCB9431756BAF700BCCBFA;
			productRefGroup = 99DCB94F1756BAF800BCCBFA /* Products */;
			projectDirPath = "";
			projectRoot = "";
			targets = (
				99DCB94D1756BAF800BCCBFA /* Rpn */,
			);
		};
/* End PBXProject section */

/* Begin PBXResourcesBuildPhase section */
		99DCB94C1756BAF800BCCBFA /* Resources */ = {
			isa = PBXResourcesBuildPhase;
			buildActionMask = 2147483647;
			files = (
				99DCB95D1756BAF800BCCBFA /* InfoPlist.strings in Resources */,
				99DCB9661756BAF800BCCBFA /* MainStoryboard.storyboard in Resources */,
			);
			runOnlyForDeploymentPostprocessing = 0;
		};
/* End PBXResourcesBuildPhase section */

/* Begin PBXSourcesBuildPhase section */
		99DCB94A1756BAF800BCCBFA /* Sources */ = {
			isa = PBXSourcesBuildPhase;
			buildActionMask = 2147483647;
			files = (
				99DCB95F1756BAF800BCCBFA /* main.m in Sources */,
				99DCB9631756BAF800BCCBFA /* RpnAppDelegate.m in Sources */,
				99DCB9691756BAF800BCCBFA /* RpnViewController.m in Sources */,
			);
			runOnlyForDeploymentPostprocessing = 0;
		};
/* End PBXSourcesBuildPhase section */

/* Begin PBXVariantGroup section */
		99DCB95B1756BAF800BCCBFA /* InfoPlist.strings */ = {
			isa = PBXVariantGroup;
			children = (
				99DCB95C1756BAF800BCCBFA /* en */,
			);
			name = InfoPlist.strings;
			sourceTree = "<group>";
		};
		99DCB9641756BAF800BCCBFA /* MainStoryboard.storyboard */ = {
			isa = PBXVariantGroup;
			children = (
				99DCB9651756BAF800BCCBFA /* en */,
			);
			name = MainStoryboard.storyboard;
			sourceTree = "<group>";
		};
/* End PBXVariantGroup section */

/* Begin XCBuildConfiguration section */
		99DCB96A1756BAF800BCCBFA /* Debug */ = {
			isa = XCBuildConfiguration;
			buildSettings = {
				ALWAYS_SEARCH_USER_PATHS = NO;
				ARCHS = "$(ARCHS_STANDARD_32_BIT)";
				CLANG_ENABLE_OBJC_ARC = YES;
				"CODE_SIGN_IDENTITY[sdk=iphoneos*]" = "iPhone Developer";
				COPY_PHASE_STRIP = NO;
				GCC_C_LANGUAGE_STANDARD = gnu99;
				GCC_DYNAMIC_NO_PIC = NO;
				GCC_OPTIMIZATION_LEVEL = 0;
				GCC_PREPROCESSOR_DEFINITIONS = (
					"DEBUG=1",
					"$(inherited)",
				);
				GCC_SYMBOLS_PRIVATE_EXTERN = NO;
				GCC_VERSION = com.apple.compilers.llvm.clang.1_0;
				GCC_WARN_ABOUT_MISSING_PROTOTYPES = YES;
				GCC_WARN_ABOUT_RETURN_TYPE = YES;
				GCC_WARN_UNUSED_VARIABLE = YES;
				IPHONEOS_DEPLOYMENT_TARGET = 5.0;
				SDKROOT = iphoneos;
			};
			name = Debug;
		};
		99DCB96B1756BAF800BCCBFA /* Release */ = {
			isa = XCBuildConfiguration;
			buildSettings = {
				ALWAYS_SEARCH_USER_PATHS = NO;
				ARCHS = "$(ARCHS_STANDARD_32_BIT)";
				CLANG_ENABLE_OBJC_ARC = YES;
				"CODE_SIGN_IDENTITY[sdk=iphoneos*]" = "iPhone Developer";
				COPY_PHASE_STRIP = YES;
				GCC_C_LANGUAGE_STANDARD = gnu99;
				GCC_VERSION = com.apple.compilers.llvm.clang.1_0;
				GCC_WARN_ABOUT_MISSING_PROTOTYPES = YES;
				GCC_WARN_ABOUT_RETURN_TYPE = YES;
				GCC_WARN_UNUSED_VARIABLE = YES;
				IPHONEOS_DEPLOYMENT_TARGET = 5.0;
				OTHER_CFLAGS = "-DNS_BLOCK_ASSERTIONS=1";
				SDKROOT = iphoneos;
				VALIDATE_PRODUCT = YES;
			};
			name = Release;
		};
		99DCB96D1756BAF800BCCBFA /* Debug */ = {
			isa = XCBuildConfiguration;
			buildSettings = {
				GCC_PRECOMPILE_PREFIX_HEADER = YES;
				GCC_PREFIX_HEADER = "Rpn/Rpn-Prefix.pch";
				INFOPLIST_FILE = "Rpn/Rpn-Info.plist";
				PRODUCT_NAME = "$(TARGET_NAME)";
				WRAPPER_EXTENSION = app;
			};
			name = Debug;
		};
		99DCB96E1756BAF800BCCBFA /* Release */ = {
			isa = XCBuildConfiguration;
			buildSettings = {
				GCC_PRECOMPILE_PREFIX_HEADER = YES;
				GCC_PREFIX_HEADER = "Rpn/Rpn-Prefix.pch";
				INFOPLIST_FILE = "Rpn/Rpn-Info.plist";
				PRODUCT_NAME = "$(TARGET_NAME)";
				WRAPPER_EXTENSION = app;
			};
			name = Release;
		};
/* End XCBuildConfiguration section */

/* Begin XCConfigurationList section */
		99DCB9481756BAF700BCCBFA /* Build configuration list for PBXProject "Rpn" */ = {
			isa = XCConfigurationList;
			buildConfigurations = (
				99DCB96A1756BAF800BCCBFA /* Debug */,
				99DCB96B1756BAF800BCCBFA /* Release */,
			);
			defaultConfigurationIsVisible = 0;
			defaultConfigurationName = Release;
		};
		99DCB96C1756BAF800BCCBFA /* Build configuration list for PBXNativeTarget "Rpn" */ = {
			isa = XCConfigurationList;
			buildConfigurations = (
				99DCB96D1756BAF800BCCBFA /* Debug */,
				99DCB96E1756BAF800BCCBFA /* Release */,
			);
			defaultConfigurationIsVisible = 0;
		};
/* End XCConfigurationList section */
	};
	rootObject = 99DCB9451756BAF700BCCBFA /* Project object */;
}
